
Microsoft Visual Studio Solution File, Format Version 12.00
# Visual Studio Version 16
VisualStudioVersion = 16.0.31515.178
MinimumVisualStudioVersion = 10.0.40219.1
Project("{FAE04EC0-301F-11D3-BF4B-00C04F79EFBC}") = "WordPad", "WordPad\WordPad.csproj", "{D4D18917-D3B0-4B41-8B0C-6700B1D5C2CF}"
EndProject
Global
	GlobalSection(SolutionConfigurationPlatforms) = preSolution
		Debug|Any CPU = Debug|Any CPU
		Release|Any CPU = Release|Any CPU
	EndGlobalSection
	GlobalSection(ProjectConfigurationPlatforms) = postSolution
		{D4D18917-D3B0-4B41-8B0C-6700B1D5C2CF}.Debug|Any CPU.ActiveCfg = Debug|Any CPU
		{D4D18917-D3B0-4B41-8B0C-6700B1D5C2CF}.Debug|Any CPU.Build.0 = Debug|Any CPU
		{D4D18917-D3B0-4B41-8B0C-6700B1D5C2CF}.Release|Any CPU.ActiveCfg = Release|Any CPU
		{D4D18917-D3B0-4B41-8B0C-6700B1D5C2CF}.Release|Any CPU.Build.0 = Release|Any CPU
	EndGlobalSection
	GlobalSection(SolutionProperties) = preSolution
		HideSolutionNode = FALSE
	EndGlobalSection
	GlobalSection(ExtensibilityGlobals) = postSolution
		SolutionGuid = {C90992B4-EDD0-4CA5-BB58-7A6BF25CBDE1}
	EndGlobalSection
EndGlobal
